# @generated - this file is auto-generated by `mise lock` https://mise.en.dev/dev-tools/mise-lock.html

[[tools."aqua:dprint/dprint"]]
version = "0.57.4"
backend = "aqua:dprint/dprint"

[tools."aqua:dprint/dprint"."platforms.linux-arm64"]
checksum = "sha256:e1b713806f7f7b94072ba2b069aa19ac28f475dbb1fbc5b672d3030a2ab001ee"
url = "https://github.com/dprint/dprint/releases/download/0.57.4/dprint-aarch64-unknown-linux-musl.zip"

[tools."aqua:dprint/dprint"."platforms.linux-arm64-musl"]
checksum = "sha256:e1b713806f7f7b94072ba2b069aa19ac28f475dbb1fbc5b672d3030a2ab001ee"
url = "https://github.com/dprint/dprint/releases/download/0.57.4/dprint-aarch64-unknown-linux-musl.zip"

[tools."aqua:dprint/dprint"."platforms.linux-x64"]
checksum = "sha256:03f3e8002f9d952bf53325fc8853686d2e8808b9e5b652b215600ba147e73a5c"
url = "https://github.com/dprint/dprint/releases/download/0.57.4/dprint-x86_64-unknown-linux-musl.zip"

[tools."aqua:dprint/dprint"."platforms.linux-x64-musl"]
checksum = "sha256:03f3e8002f9d952bf53325fc8853686d2e8808b9e5b652b215600ba147e73a5c"
url = "https://github.com/dprint/dprint/releases/download/0.57.4/dprint-x86_64-unknown-linux-musl.zip"

[tools."aqua:dprint/dprint"."platforms.macos-arm64"]
checksum = "sha256:f9e752812791f258e89ff88a7affd05c793b0db3d929718651eae7df5f19eb2e"
url = "https://github.com/dprint/dprint/releases/download/0.57.4/dprint-aarch64-apple-darwin.zip"

[tools."aqua:dprint/dprint"."platforms.macos-x64"]
checksum = "sha256:8978bd5d9a564ec19472545fb853da9ec468e024e75d39c3a9df9fd5750ecdfd"
url = "https://github.com/dprint/dprint/releases/download/0.57.4/dprint-x86_64-apple-darwin.zip"

[tools."aqua:dprint/dprint"."platforms.windows-x64"]
checksum = "sha256:1038af32fade7a79f9c3a690d9546bb17be13dd7b4568a3684692fdcb0a52a1d"
url = "https://github.com/dprint/dprint/releases/download/0.57.4/dprint-x86_64-pc-windows-msvc.zip"

[[tools."aqua:getdbt.com/dbt-fusion"]]
version = "2.0.6"
backend = "aqua:getdbt.com/dbt-fusion"

[tools."aqua:getdbt.com/dbt-fusion"."platforms.linux-arm64"]
url = "https://public.cdn.getdbt.com/fs/cli/fs-v2.0.6-aarch64-unknown-linux-gnu.tar.gz"

[tools."aqua:getdbt.com/dbt-fusion"."platforms.linux-arm64-musl"]
url = "https://public.cdn.getdbt.com/fs/cli/fs-v2.0.6-aarch64-unknown-linux-musl.tar.gz"

[tools."aqua:getdbt.com/dbt-fusion"."platforms.linux-x64"]
url = "https://public.cdn.getdbt.com/fs/cli/fs-v2.0.6-x86_64-unknown-linux-gnu.tar.gz"

[tools."aqua:getdbt.com/dbt-fusion"."platforms.linux-x64-musl"]
url = "https://public.cdn.getdbt.com/fs/cli/fs-v2.0.6-x86_64-unknown-linux-musl.tar.gz"

[tools."aqua:getdbt.com/dbt-fusion"."platforms.macos-arm64"]
checksum = "sha256:1ff8e942149c9c42e0a26419f294c3293e500b84264ccb95a1ff9b6585c88ddb"
url = "https://public.cdn.getdbt.com/fs/cli/fs-v2.0.6-aarch64-apple-darwin.tar.gz"

[tools."aqua:getdbt.com/dbt-fusion"."platforms.macos-x64"]
checksum = "sha256:dbe6dfe67efab3f2269779c956d0965866cea7e89459383b6dbe7e8a336bafa0"
url = "https://public.cdn.getdbt.com/fs/cli/fs-v2.0.6-x86_64-apple-darwin.tar.gz"

[tools."aqua:getdbt.com/dbt-fusion"."platforms.windows-x64"]
url = "https://public.cdn.getdbt.com/fs/cli/fs-v2.0.6-x86_64-pc-windows-msvc.zip"

[[tools."aqua:jj-vcs/jj"]]
version = "0.45.1"
backend = "aqua:jj-vcs/jj"

[tools."aqua:jj-vcs/jj"."platforms.linux-arm64"]
checksum = "sha256:7349a43dd5a20dbc998b10114daa0ee63d2ab863fb822c7eb6b0ebca5903cc69"
url = "https://github.com/jj-vcs/jj/releases/download/v0.45.1/jj-v0.45.1-aarch64-unknown-linux-musl.tar.gz"

[tools."aqua:jj-vcs/jj"."platforms.linux-arm64-musl"]
checksum = "sha256:7349a43dd5a20dbc998b10114daa0ee63d2ab863fb822c7eb6b0ebca5903cc69"
url = "https://github.com/jj-vcs/jj/releases/download/v0.45.1/jj-v0.45.1-aarch64-unknown-linux-musl.tar.gz"

[tools."aqua:jj-vcs/jj"."platforms.linux-x64"]
checksum = "sha256:f35438350b5d61963aac5dd74ede510b31d6b9690769d1a6268cf058cc825f72"
url = "https://github.com/jj-vcs/jj/releases/download/v0.45.1/jj-v0.45.1-x86_64-unknown-linux-musl.tar.gz"

[tools."aqua:jj-vcs/jj"."platforms.linux-x64-musl"]
checksum = "sha256:f35438350b5d61963aac5dd74ede510b31d6b9690769d1a6268cf058cc825f72"
url = "https://github.com/jj-vcs/jj/releases/download/v0.45.1/jj-v0.45.1-x86_64-unknown-linux-musl.tar.gz"

[tools."aqua:jj-vcs/jj"."platforms.macos-arm64"]
checksum = "sha256:51ba42e3d0682616f6eb015045bfe45289b396f03511f9897f645ce8e9272743"
url = "https://github.com/jj-vcs/jj/releases/download/v0.45.1/jj-v0.45.1-aarch64-apple-darwin.tar.gz"

[tools."aqua:jj-vcs/jj"."platforms.macos-x64"]
checksum = "sha256:6171582d0b5a98a1005cd9643faebff7936812ec264d7968a39d9cef3654a99b"
url = "https://github.com/jj-vcs/jj/releases/download/v0.45.1/jj-v0.45.1-x86_64-apple-darwin.tar.gz"

[tools."aqua:jj-vcs/jj"."platforms.windows-x64"]
checksum = "sha256:5dbf2619272c897394d34190a94b21a6ab8d1e8e59fcf7dfc173d8fa8aa90bf0"
url = "https://github.com/jj-vcs/jj/releases/download/v0.45.1/jj-v0.45.1-x86_64-pc-windows-msvc.zip"

[[tools."aqua:koalaman/shellcheck"]]
version = "0.11.0"
backend = "aqua:koalaman/shellcheck"

[tools."aqua:koalaman/shellcheck"."platforms.linux-arm64"]
checksum = "sha256:12b331c1d2db6b9eb13cfca64306b1b157a86eb69db83023e261eaa7e7c14588"
url = "https://github.com/koalaman/shellcheck/releases/download/v0.11.0/shellcheck-v0.11.0.linux.aarch64.tar.xz"

[tools."aqua:koalaman/shellcheck"."platforms.linux-arm64-musl"]
checksum = "sha256:12b331c1d2db6b9eb13cfca64306b1b157a86eb69db83023e261eaa7e7c14588"
url = "https://github.com/koalaman/shellcheck/releases/download/v0.11.0/shellcheck-v0.11.0.linux.aarch64.tar.xz"

[tools."aqua:koalaman/shellcheck"."platforms.linux-x64"]
checksum = "sha256:8c3be12b05d5c177a04c29e3c78ce89ac86f1595681cab149b65b97c4e227198"
url = "https://github.com/koalaman/shellcheck/releases/download/v0.11.0/shellcheck-v0.11.0.linux.x86_64.tar.xz"

[tools."aqua:koalaman/shellcheck"."platforms.linux-x64-musl"]
checksum = "sha256:8c3be12b05d5c177a04c29e3c78ce89ac86f1595681cab149b65b97c4e227198"
url = "https://github.com/koalaman/shellcheck/releases/download/v0.11.0/shellcheck-v0.11.0.linux.x86_64.tar.xz"

[tools."aqua:koalaman/shellcheck"."platforms.macos-arm64"]
checksum = "sha256:56affdd8de5527894dca6dc3d7e0a99a873b0f004d7aabc30ae407d3f48b0a79"
url = "https://github.com/koalaman/shellcheck/releases/download/v0.11.0/shellcheck-v0.11.0.darwin.aarch64.tar.xz"

[tools."aqua:koalaman/shellcheck"."platforms.macos-x64"]
checksum = "sha256:3c89db4edcab7cf1c27bff178882e0f6f27f7afdf54e859fa041fca10febe4c6"
url = "https://github.com/koalaman/shellcheck/releases/download/v0.11.0/shellcheck-v0.11.0.darwin.x86_64.tar.xz"

[tools."aqua:koalaman/shellcheck"."platforms.windows-x64"]
checksum = "sha256:8a4e35ab0b331c85d73567b12f2a444df187f483e5079ceffa6bda1faa2e740e"
url = "https://github.com/koalaman/shellcheck/releases/download/v0.11.0/shellcheck-v0.11.0.zip"

[[tools."aqua:mvdan/sh"]]
version = "3.14.1"
backend = "aqua:mvdan/sh"

[tools."aqua:mvdan/sh"."platforms.linux-arm64"]
checksum = "sha256:5f2db09dae91fca848f7adbdd014632e921a383863a2ad7e0450ad3aba0c6489"
url = "https://github.com/mvdan/sh/releases/download/v3.14.1/shfmt_v3.14.1_linux_arm64"

[tools."aqua:mvdan/sh"."platforms.linux-arm64-musl"]
checksum = "sha256:5f2db09dae91fca848f7adbdd014632e921a383863a2ad7e0450ad3aba0c6489"
url = "https://github.com/mvdan/sh/releases/download/v3.14.1/shfmt_v3.14.1_linux_arm64"

[tools."aqua:mvdan/sh"."platforms.linux-x64"]
checksum = "sha256:76e77641faa025814b77f153b29796b8e6fa2fca03e0c76a691608b86c7ea7bf"
url = "https://github.com/mvdan/sh/releases/download/v3.14.1/shfmt_v3.14.1_linux_amd64"

[tools."aqua:mvdan/sh"."platforms.linux-x64-musl"]
checksum = "sha256:76e77641faa025814b77f153b29796b8e6fa2fca03e0c76a691608b86c7ea7bf"
url = "https://github.com/mvdan/sh/releases/download/v3.14.1/shfmt_v3.14.1_linux_amd64"

[tools."aqua:mvdan/sh"."platforms.macos-arm64"]
checksum = "sha256:b7c872db63553ccffc7253aba3ed7d4885a27d83f1ba567b1138c6315a5847e5"
url = "https://github.com/mvdan/sh/releases/download/v3.14.1/shfmt_v3.14.1_darwin_arm64"

[tools."aqua:mvdan/sh"."platforms.macos-x64"]
checksum = "sha256:d33eee0da0f92835b3562e9767a05cee7e4eaeef47daa03bfd09da17b4b590a6"
url = "https://github.com/mvdan/sh/releases/download/v3.14.1/shfmt_v3.14.1_darwin_amd64"

[tools."aqua:mvdan/sh"."platforms.windows-x64"]
checksum = "sha256:13629ce28442ca80b6b5a819f7574ab39e1c28c6e26734ca816c9714e04851df"
url = "https://github.com/mvdan/sh/releases/download/v3.14.1/shfmt_v3.14.1_windows_amd64.exe"

[[tools."aqua:rvben/rumdl"]]
version = "0.2.73"
backend = "aqua:rvben/rumdl"

[tools."aqua:rvben/rumdl"."platforms.linux-arm64"]
checksum = "sha256:f51548adfc71c4982cb5cc239d847bcd4c884e6ac8dc67efd68efd3eea9753a4"
url = "https://github.com/rvben/rumdl/releases/download/v0.2.73/rumdl-v0.2.73-aarch64-unknown-linux-musl.tar.gz"
provenance = "github-attestations"

[tools."aqua:rvben/rumdl"."platforms.linux-arm64-musl"]
checksum = "sha256:f51548adfc71c4982cb5cc239d847bcd4c884e6ac8dc67efd68efd3eea9753a4"
url = "https://github.com/rvben/rumdl/releases/download/v0.2.73/rumdl-v0.2.73-aarch64-unknown-linux-musl.tar.gz"
provenance = "github-attestations"

[tools."aqua:rvben/rumdl"."platforms.linux-x64"]
checksum = "sha256:dc4aa9bf98f936f667039224a34fc2e26ddf6be3589bf59d63e4d6b038be4f5c"
url = "https://github.com/rvben/rumdl/releases/download/v0.2.73/rumdl-v0.2.73-x86_64-unknown-linux-musl.tar.gz"
provenance = "github-attestations"

[tools."aqua:rvben/rumdl"."platforms.linux-x64-musl"]
checksum = "sha256:dc4aa9bf98f936f667039224a34fc2e26ddf6be3589bf59d63e4d6b038be4f5c"
url = "https://github.com/rvben/rumdl/releases/download/v0.2.73/rumdl-v0.2.73-x86_64-unknown-linux-musl.tar.gz"
provenance = "github-attestations"

[tools."aqua:rvben/rumdl"."platforms.macos-arm64"]
checksum = "sha256:54e0e7c3031b8bfa37e3c57104cc0c93988e02f5b7023c1804749fd180822f9e"
url = "https://github.com/rvben/rumdl/releases/download/v0.2.73/rumdl-v0.2.73-aarch64-apple-darwin.tar.gz"
provenance = "github-attestations"

[tools."aqua:rvben/rumdl"."platforms.macos-x64"]
checksum = "sha256:ad181073e75df52e982025d1f5a9508ef6588f895ef5f78227301499325ea132"
url = "https://github.com/rvben/rumdl/releases/download/v0.2.73/rumdl-v0.2.73-x86_64-apple-darwin.tar.gz"
provenance = "github-attestations"

[tools."aqua:rvben/rumdl"."platforms.windows-x64"]
checksum = "sha256:bc6c86d61588e9c92ec9927903ed4973986d30b94d042732ddf62424755dd3c8"
url = "https://github.com/rvben/rumdl/releases/download/v0.2.73/rumdl-v0.2.73-x86_64-pc-windows-msvc.zip"
provenance = "github-attestations"

[[tools."github:terror/just-lsp"]]
version = "0.9.0"
backend = "github:terror/just-lsp"

[tools."github:terror/just-lsp"."platforms.linux-arm64"]
checksum = "sha256:d55934e447042a32c43d234768515552b1360b0b200bd430f9c6c1c6d8197ad6"
url = "https://github.com/terror/just-lsp/releases/download/0.9.0/just-lsp-0.9.0-aarch64-unknown-linux-gnu.tar.gz"
url_api = "https://api.github.com/repos/terror/just-lsp/releases/assets/570520746"

[tools."github:terror/just-lsp"."platforms.linux-x64"]
checksum = "sha256:64e1557166bce29571751fda5ab637613b791ddcafd4fa12f24dd39fd003a121"
url = "https://github.com/terror/just-lsp/releases/download/0.9.0/just-lsp-0.9.0-x86_64-unknown-linux-gnu.tar.gz"
url_api = "https://api.github.com/repos/terror/just-lsp/releases/assets/570519460"

[tools."github:terror/just-lsp"."platforms.macos-arm64"]
checksum = "sha256:64476a3d6a1e4adbea6f7980c455b07d517b341fada4040305fabd4d50b0b3da"
url = "https://github.com/terror/just-lsp/releases/download/0.9.0/just-lsp-0.9.0-aarch64-apple-darwin.tar.gz"
url_api = "https://api.github.com/repos/terror/just-lsp/releases/assets/570522418"

[tools."github:terror/just-lsp"."platforms.macos-x64"]
checksum = "sha256:f73c6058cf0095ad62dd0eeb440de5cd61147283cad5248c765f2120d549dbd2"
url = "https://github.com/terror/just-lsp/releases/download/0.9.0/just-lsp-0.9.0-x86_64-apple-darwin.tar.gz"
url_api = "https://api.github.com/repos/terror/just-lsp/releases/assets/570521263"

[tools."github:terror/just-lsp"."platforms.windows-x64"]
checksum = "sha256:8cbe8eae0bba3a378671ec13ea62c6aa01f4d4632856e0b66f9696234d290562"
url = "https://github.com/terror/just-lsp/releases/download/0.9.0/just-lsp-0.9.0-x86_64-pc-windows-msvc.zip"
url_api = "https://api.github.com/repos/terror/just-lsp/releases/assets/570524051"

[[tools.just]]
version = "1.58.0"
backend = "aqua:casey/just"

[tools.just."platforms.linux-arm64"]
checksum = "sha256:748237128c4c40cbdabc65e841d05ceba13cc23a91eaba395495894c1d9764df"
url = "https://github.com/casey/just/releases/download/1.58.0/just-1.58.0-aarch64-unknown-linux-musl.tar.gz"

[tools.just."platforms.linux-arm64-musl"]
checksum = "sha256:748237128c4c40cbdabc65e841d05ceba13cc23a91eaba395495894c1d9764df"
url = "https://github.com/casey/just/releases/download/1.58.0/just-1.58.0-aarch64-unknown-linux-musl.tar.gz"

[tools.just."platforms.linux-x64"]
checksum = "sha256:4a5cc2f53e6f0f8c59092a6cc38291eb729d46a7dd95d3ae582008881b84931d"
url = "https://github.com/casey/just/releases/download/1.58.0/just-1.58.0-x86_64-unknown-linux-musl.tar.gz"

[tools.just."platforms.linux-x64-musl"]
checksum = "sha256:4a5cc2f53e6f0f8c59092a6cc38291eb729d46a7dd95d3ae582008881b84931d"
url = "https://github.com/casey/just/releases/download/1.58.0/just-1.58.0-x86_64-unknown-linux-musl.tar.gz"

[tools.just."platforms.macos-arm64"]
checksum = "sha256:50ae3e996c974a0bf32ea7d10f495070df33f1b43e0616b2769e3d4821ed8f48"
url = "https://github.com/casey/just/releases/download/1.58.0/just-1.58.0-aarch64-apple-darwin.tar.gz"

[tools.just."platforms.macos-x64"]
checksum = "sha256:9a09cfef66aaa79da58203970103a0684307716caaabd3e9844cacc4dc0f4023"
url = "https://github.com/casey/just/releases/download/1.58.0/just-1.58.0-x86_64-apple-darwin.tar.gz"

[tools.just."platforms.windows-x64"]
checksum = "sha256:759f16fb7aa17c5c8b9594b6d4a8c1a6630dfd042cf2b3ff84841454d3d188dc"
url = "https://github.com/casey/just/releases/download/1.58.0/just-1.58.0-x86_64-pc-windows-msvc.zip"

[[tools.lefthook]]
version = "2.1.14"
backend = "aqua:evilmartians/lefthook"

[tools.lefthook."platforms.linux-arm64"]
checksum = "sha256:2fd4b1f33aab4e4c8691a1a6a750b0638a40bdef871234cacb33781615dbf7ba"
url = "https://github.com/evilmartians/lefthook/releases/download/v2.1.14/lefthook_2.1.14_Linux_aarch64.gz"
provenance = "github-attestations"

[tools.lefthook."platforms.linux-arm64-musl"]
checksum = "sha256:2fd4b1f33aab4e4c8691a1a6a750b0638a40bdef871234cacb33781615dbf7ba"
url = "https://github.com/evilmartians/lefthook/releases/download/v2.1.14/lefthook_2.1.14_Linux_aarch64.gz"
provenance = "github-attestations"

[tools.lefthook."platforms.linux-x64"]
checksum = "sha256:2be3187101b3a2edd5edf8b546aa2e3820531c517b4cd0216601a9c06f07c42d"
url = "https://github.com/evilmartians/lefthook/releases/download/v2.1.14/lefthook_2.1.14_Linux_x86_64.gz"
provenance = "github-attestations"

[tools.lefthook."platforms.linux-x64-musl"]
checksum = "sha256:2be3187101b3a2edd5edf8b546aa2e3820531c517b4cd0216601a9c06f07c42d"
url = "https://github.com/evilmartians/lefthook/releases/download/v2.1.14/lefthook_2.1.14_Linux_x86_64.gz"
provenance = "github-attestations"

[tools.lefthook."platforms.macos-arm64"]
checksum = "sha256:398e6a23dfe2de3fc113e091dd4b592795cc8f1665acf5501856858b8056d686"
url = "https://github.com/evilmartians/lefthook/releases/download/v2.1.14/lefthook_2.1.14_MacOS_arm64.gz"
provenance = "github-attestations"

[tools.lefthook."platforms.macos-x64"]
checksum = "sha256:9e304cad12b3785bf45ba6085fa6a91ed45f6ff6e7dabd50cb6834959caef06a"
url = "https://github.com/evilmartians/lefthook/releases/download/v2.1.14/lefthook_2.1.14_MacOS_x86_64.gz"
provenance = "github-attestations"

[tools.lefthook."platforms.windows-x64"]
checksum = "sha256:61a0f47c75c741fa2788aff55f85dfa0a34307257b176cb6b20fd821ae030454"
url = "https://github.com/evilmartians/lefthook/releases/download/v2.1.14/lefthook_2.1.14_Windows_x86_64.gz"
provenance = "github-attestations"

[[tools.node]]
version = "24.21.0"
backend = "core:node"

[tools.node."platforms.linux-arm64"]
checksum = "sha256:724282c3b43aec998aa9527380465b45d229e021b58035f5f4f63095eabfe5d5"
url = "https://nodejs.org/dist/v24.21.0/node-v24.21.0-linux-arm64.tar.gz"

[tools.node."platforms.linux-arm64-musl"]
checksum = "sha256:3048b0811e158ca0d8672b59c839861763e144492980d8d29b369dfee45747e4"
url = "https://unofficial-builds.nodejs.org/download/release/v24.21.0/node-v24.21.0-linux-arm64-musl.tar.gz"

[tools.node."platforms.linux-x64"]
checksum = "sha256:6e1db87ef58b8819e5d5402eff1536491b18edd8eb7bee5ef7897876e88dc5ff"
url = "https://nodejs.org/dist/v24.21.0/node-v24.21.0-linux-x64.tar.gz"

[tools.node."platforms.linux-x64-musl"]
checksum = "sha256:01a713e34da98e7b4d2a3191ee7ca3f93dd0384d1a2ef23c379b2161ee6e133a"
url = "https://unofficial-builds.nodejs.org/download/release/v24.21.0/node-v24.21.0-linux-x64-musl.tar.gz"

[tools.node."platforms.macos-arm64"]
checksum = "sha256:bed7eea5325e1108f32ce5228ddd6a5f0f08a499ee42aa7442aea583702f6057"
url = "https://nodejs.org/dist/v24.21.0/node-v24.21.0-darwin-arm64.tar.gz"

[tools.node."platforms.macos-x64"]
checksum = "sha256:1462cb3b3046b815cf8ea436d3da450ec1a9f11dac7e5a46b0ada5305d7e8097"
url = "https://nodejs.org/dist/v24.21.0/node-v24.21.0-darwin-x64.tar.gz"

[tools.node."platforms.windows-x64"]
checksum = "sha256:158f7685b44de51f6c0df1d153526cbcd3e1bc739a8dfc607721cef75de9e541"
url = "https://nodejs.org/dist/v24.21.0/node-v24.21.0-win-x64.zip"
