# @generated - this file is auto-generated by `mise lock` https://mise.en.dev/dev-tools/mise-lock.html

[[tools."aqua:dprint/dprint"]]
version = "0.60.1"
backend = "aqua:dprint/dprint"

[tools."aqua:dprint/dprint"."platforms.linux-arm64"]
checksum = "sha256:03fd8908f9b418bdc4701347ff0527a59d1c08db2bc09a9f5d8101eb711e7fe2"
url = "https://github.com/dprint/dprint/releases/download/0.60.1/dprint-aarch64-unknown-linux-gnu.zip"
url_api = "https://api.github.com/repos/dprint/dprint/releases/assets/608721662"
provenance = "github-attestations"

[tools."aqua:dprint/dprint"."platforms.linux-arm64-musl"]
checksum = "sha256:9b537fdfb75b2402f47d15cc615f1ba31736a37e2aed65662e8d9d4b647c70f1"
url = "https://github.com/dprint/dprint/releases/download/0.60.1/dprint-aarch64-unknown-linux-musl.zip"
url_api = "https://api.github.com/repos/dprint/dprint/releases/assets/608721670"
provenance = "github-attestations"

[tools."aqua:dprint/dprint"."platforms.linux-x64"]
checksum = "sha256:5612c587a34dfbbda37162d46755f9e8c6a4efba7950920b2a308ea84ce0886a"
url = "https://github.com/dprint/dprint/releases/download/0.60.1/dprint-x86_64-unknown-linux-gnu.zip"
url_api = "https://api.github.com/repos/dprint/dprint/releases/assets/608721664"
provenance = "github-attestations"

[tools."aqua:dprint/dprint"."platforms.linux-x64-musl"]
checksum = "sha256:c4e5e8491f52971f8e3bd0ed80995eafd9119fbe603ba626694a20d56c14a730"
url = "https://github.com/dprint/dprint/releases/download/0.60.1/dprint-x86_64-unknown-linux-musl.zip"
url_api = "https://api.github.com/repos/dprint/dprint/releases/assets/608721671"
provenance = "github-attestations"

[tools."aqua:dprint/dprint"."platforms.macos-arm64"]
checksum = "sha256:b495103be1c01ba097449d73af3d76bbcef3deb291b87e9b7db6e8d12d497ef6"
url = "https://github.com/dprint/dprint/releases/download/0.60.1/dprint-aarch64-apple-darwin.zip"
url_api = "https://api.github.com/repos/dprint/dprint/releases/assets/608721659"
provenance = "github-attestations"

[tools."aqua:dprint/dprint"."platforms.macos-x64"]
checksum = "sha256:551fd5b0ce32a83682f6aaa425317db54402451a0ab66b46c0e11e17900f7db8"
url = "https://github.com/dprint/dprint/releases/download/0.60.1/dprint-x86_64-apple-darwin.zip"
url_api = "https://api.github.com/repos/dprint/dprint/releases/assets/608721669"
provenance = "github-attestations"

[tools."aqua:dprint/dprint"."platforms.windows-x64"]
checksum = "sha256:52f0ee9742df4b56ddffdd058a066153f3a8fea5456be5a9e19f2da10bd80b8b"
url = "https://github.com/dprint/dprint/releases/download/0.60.1/dprint-x86_64-pc-windows-msvc.zip"
url_api = "https://api.github.com/repos/dprint/dprint/releases/assets/608721674"
provenance = "github-attestations"

[[tools."aqua:getdbt.com/dbt-fusion"]]
version = "2.0.6"
backend = "aqua:getdbt.com/dbt-fusion"

[tools."aqua:getdbt.com/dbt-fusion"."platforms.linux-arm64"]
checksum = "sha256:e7b885da811090df88631b8791676bed31953bac6532a7fa0c3fbde1645a57ad"
url = "https://public.cdn.getdbt.com/fs/cli/fs-v2.0.6-aarch64-unknown-linux-gnu.tar.gz"

[tools."aqua:getdbt.com/dbt-fusion"."platforms.linux-arm64-musl"]
url = "https://public.cdn.getdbt.com/fs/cli/fs-v2.0.6-aarch64-unknown-linux-musl.tar.gz"

[tools."aqua:getdbt.com/dbt-fusion"."platforms.linux-x64"]
url = "https://public.cdn.getdbt.com/fs/cli/fs-v2.0.6-x86_64-unknown-linux-gnu.tar.gz"

[tools."aqua:getdbt.com/dbt-fusion"."platforms.linux-x64-musl"]
url = "https://public.cdn.getdbt.com/fs/cli/fs-v2.0.6-x86_64-unknown-linux-musl.tar.gz"

[tools."aqua:getdbt.com/dbt-fusion"."platforms.macos-arm64"]
checksum = "sha256:1ff8e942149c9c42e0a26419f294c3293e500b84264ccb95a1ff9b6585c88ddb"
url = "https://public.cdn.getdbt.com/fs/cli/fs-v2.0.6-aarch64-apple-darwin.tar.gz"

[tools."aqua:getdbt.com/dbt-fusion"."platforms.macos-x64"]
checksum = "sha256:dbe6dfe67efab3f2269779c956d0965866cea7e89459383b6dbe7e8a336bafa0"
url = "https://public.cdn.getdbt.com/fs/cli/fs-v2.0.6-x86_64-apple-darwin.tar.gz"

[tools."aqua:getdbt.com/dbt-fusion"."platforms.windows-x64"]
url = "https://public.cdn.getdbt.com/fs/cli/fs-v2.0.6-x86_64-pc-windows-msvc.zip"

[[tools."aqua:jj-vcs/jj"]]
version = "0.45.1"
backend = "aqua:jj-vcs/jj"

[tools."aqua:jj-vcs/jj"."platforms.linux-arm64"]
checksum = "sha256:7349a43dd5a20dbc998b10114daa0ee63d2ab863fb822c7eb6b0ebca5903cc69"
url = "https://github.com/jj-vcs/jj/releases/download/v0.45.1/jj-v0.45.1-aarch64-unknown-linux-musl.tar.gz"
url_api = "https://api.github.com/repos/jj-vcs/jj/releases/assets/543031340"

[tools."aqua:jj-vcs/jj"."platforms.linux-arm64-musl"]
checksum = "sha256:7349a43dd5a20dbc998b10114daa0ee63d2ab863fb822c7eb6b0ebca5903cc69"
url = "https://github.com/jj-vcs/jj/releases/download/v0.45.1/jj-v0.45.1-aarch64-unknown-linux-musl.tar.gz"
url_api = "https://api.github.com/repos/jj-vcs/jj/releases/assets/543031340"

[tools."aqua:jj-vcs/jj"."platforms.linux-x64"]
checksum = "sha256:f35438350b5d61963aac5dd74ede510b31d6b9690769d1a6268cf058cc825f72"
url = "https://github.com/jj-vcs/jj/releases/download/v0.45.1/jj-v0.45.1-x86_64-unknown-linux-musl.tar.gz"
url_api = "https://api.github.com/repos/jj-vcs/jj/releases/assets/543032052"

[tools."aqua:jj-vcs/jj"."platforms.linux-x64-musl"]
checksum = "sha256:f35438350b5d61963aac5dd74ede510b31d6b9690769d1a6268cf058cc825f72"
url = "https://github.com/jj-vcs/jj/releases/download/v0.45.1/jj-v0.45.1-x86_64-unknown-linux-musl.tar.gz"
url_api = "https://api.github.com/repos/jj-vcs/jj/releases/assets/543032052"

[tools."aqua:jj-vcs/jj"."platforms.macos-arm64"]
checksum = "sha256:51ba42e3d0682616f6eb015045bfe45289b396f03511f9897f645ce8e9272743"
url = "https://github.com/jj-vcs/jj/releases/download/v0.45.1/jj-v0.45.1-aarch64-apple-darwin.tar.gz"
url_api = "https://api.github.com/repos/jj-vcs/jj/releases/assets/543036998"

[tools."aqua:jj-vcs/jj"."platforms.macos-x64"]
checksum = "sha256:6171582d0b5a98a1005cd9643faebff7936812ec264d7968a39d9cef3654a99b"
url = "https://github.com/jj-vcs/jj/releases/download/v0.45.1/jj-v0.45.1-x86_64-apple-darwin.tar.gz"
url_api = "https://api.github.com/repos/jj-vcs/jj/releases/assets/543034411"

[tools."aqua:jj-vcs/jj"."platforms.windows-x64"]
checksum = "sha256:5dbf2619272c897394d34190a94b21a6ab8d1e8e59fcf7dfc173d8fa8aa90bf0"
url = "https://github.com/jj-vcs/jj/releases/download/v0.45.1/jj-v0.45.1-x86_64-pc-windows-msvc.zip"
url_api = "https://api.github.com/repos/jj-vcs/jj/releases/assets/543038773"

[[tools."aqua:koalaman/shellcheck"]]
version = "0.11.0"
backend = "aqua:koalaman/shellcheck"

[tools."aqua:koalaman/shellcheck"."platforms.linux-arm64"]
checksum = "sha256:12b331c1d2db6b9eb13cfca64306b1b157a86eb69db83023e261eaa7e7c14588"
url = "https://github.com/koalaman/shellcheck/releases/download/v0.11.0/shellcheck-v0.11.0.linux.aarch64.tar.xz"
url_api = "https://api.github.com/repos/koalaman/shellcheck/releases/assets/279056934"

[tools."aqua:koalaman/shellcheck"."platforms.linux-arm64-musl"]
checksum = "sha256:12b331c1d2db6b9eb13cfca64306b1b157a86eb69db83023e261eaa7e7c14588"
url = "https://github.com/koalaman/shellcheck/releases/download/v0.11.0/shellcheck-v0.11.0.linux.aarch64.tar.xz"
url_api = "https://api.github.com/repos/koalaman/shellcheck/releases/assets/279056934"

[tools."aqua:koalaman/shellcheck"."platforms.linux-x64"]
checksum = "sha256:8c3be12b05d5c177a04c29e3c78ce89ac86f1595681cab149b65b97c4e227198"
url = "https://github.com/koalaman/shellcheck/releases/download/v0.11.0/shellcheck-v0.11.0.linux.x86_64.tar.xz"
url_api = "https://api.github.com/repos/koalaman/shellcheck/releases/assets/279056942"

[tools."aqua:koalaman/shellcheck"."platforms.linux-x64-musl"]
checksum = "sha256:8c3be12b05d5c177a04c29e3c78ce89ac86f1595681cab149b65b97c4e227198"
url = "https://github.com/koalaman/shellcheck/releases/download/v0.11.0/shellcheck-v0.11.0.linux.x86_64.tar.xz"
url_api = "https://api.github.com/repos/koalaman/shellcheck/releases/assets/279056942"

[tools."aqua:koalaman/shellcheck"."platforms.macos-arm64"]
checksum = "sha256:56affdd8de5527894dca6dc3d7e0a99a873b0f004d7aabc30ae407d3f48b0a79"
url = "https://github.com/koalaman/shellcheck/releases/download/v0.11.0/shellcheck-v0.11.0.darwin.aarch64.tar.xz"
url_api = "https://api.github.com/repos/koalaman/shellcheck/releases/assets/279056932"

[tools."aqua:koalaman/shellcheck"."platforms.macos-x64"]
checksum = "sha256:3c89db4edcab7cf1c27bff178882e0f6f27f7afdf54e859fa041fca10febe4c6"
url = "https://github.com/koalaman/shellcheck/releases/download/v0.11.0/shellcheck-v0.11.0.darwin.x86_64.tar.xz"
url_api = "https://api.github.com/repos/koalaman/shellcheck/releases/assets/279056930"

[tools."aqua:koalaman/shellcheck"."platforms.windows-x64"]
checksum = "sha256:8a4e35ab0b331c85d73567b12f2a444df187f483e5079ceffa6bda1faa2e740e"
url = "https://github.com/koalaman/shellcheck/releases/download/v0.11.0/shellcheck-v0.11.0.zip"
url_api = "https://api.github.com/repos/koalaman/shellcheck/releases/assets/279056944"

[[tools."aqua:mvdan/sh"]]
version = "3.14.1"
backend = "aqua:mvdan/sh"

[tools."aqua:mvdan/sh"."platforms.linux-arm64"]
checksum = "sha256:5f2db09dae91fca848f7adbdd014632e921a383863a2ad7e0450ad3aba0c6489"
url = "https://github.com/mvdan/sh/releases/download/v3.14.1/shfmt_v3.14.1_linux_arm64"
url_api = "https://api.github.com/repos/mvdan/sh/releases/assets/547320869"

[tools."aqua:mvdan/sh"."platforms.linux-arm64-musl"]
checksum = "sha256:5f2db09dae91fca848f7adbdd014632e921a383863a2ad7e0450ad3aba0c6489"
url = "https://github.com/mvdan/sh/releases/download/v3.14.1/shfmt_v3.14.1_linux_arm64"
url_api = "https://api.github.com/repos/mvdan/sh/releases/assets/547320869"

[tools."aqua:mvdan/sh"."platforms.linux-x64"]
checksum = "sha256:76e77641faa025814b77f153b29796b8e6fa2fca03e0c76a691608b86c7ea7bf"
url = "https://github.com/mvdan/sh/releases/download/v3.14.1/shfmt_v3.14.1_linux_amd64"
url_api = "https://api.github.com/repos/mvdan/sh/releases/assets/547320883"

[tools."aqua:mvdan/sh"."platforms.linux-x64-musl"]
checksum = "sha256:76e77641faa025814b77f153b29796b8e6fa2fca03e0c76a691608b86c7ea7bf"
url = "https://github.com/mvdan/sh/releases/download/v3.14.1/shfmt_v3.14.1_linux_amd64"
url_api = "https://api.github.com/repos/mvdan/sh/releases/assets/547320883"

[tools."aqua:mvdan/sh"."platforms.macos-arm64"]
checksum = "sha256:b7c872db63553ccffc7253aba3ed7d4885a27d83f1ba567b1138c6315a5847e5"
url = "https://github.com/mvdan/sh/releases/download/v3.14.1/shfmt_v3.14.1_darwin_arm64"
url_api = "https://api.github.com/repos/mvdan/sh/releases/assets/547320930"

[tools."aqua:mvdan/sh"."platforms.macos-x64"]
checksum = "sha256:d33eee0da0f92835b3562e9767a05cee7e4eaeef47daa03bfd09da17b4b590a6"
url = "https://github.com/mvdan/sh/releases/download/v3.14.1/shfmt_v3.14.1_darwin_amd64"
url_api = "https://api.github.com/repos/mvdan/sh/releases/assets/547320946"

[tools."aqua:mvdan/sh"."platforms.windows-x64"]
checksum = "sha256:13629ce28442ca80b6b5a819f7574ab39e1c28c6e26734ca816c9714e04851df"
url = "https://github.com/mvdan/sh/releases/download/v3.14.1/shfmt_v3.14.1_windows_amd64.exe"
url_api = "https://api.github.com/repos/mvdan/sh/releases/assets/547320827"

[[tools."aqua:rvben/rumdl"]]
version = "0.2.78"
backend = "aqua:rvben/rumdl"

[tools."aqua:rvben/rumdl"."platforms.linux-arm64"]
checksum = "sha256:16e518695868a650ad0f584f60f225e65e63ffb71b46aba2428c365c7225d262"
url = "https://github.com/rvben/rumdl/releases/download/v0.2.78/rumdl-v0.2.78-aarch64-unknown-linux-gnu.tar.gz"
url_api = "https://api.github.com/repos/rvben/rumdl/releases/assets/598548742"
provenance = "github-attestations"

[tools."aqua:rvben/rumdl"."platforms.linux-arm64-musl"]
checksum = "sha256:83afca5be68f8710cf5e3faef103927af8ef8dec3b19bd33ceebef348f3e546e"
url = "https://github.com/rvben/rumdl/releases/download/v0.2.78/rumdl-v0.2.78-aarch64-unknown-linux-musl.tar.gz"
url_api = "https://api.github.com/repos/rvben/rumdl/releases/assets/598548747"
provenance = "github-attestations"

[tools."aqua:rvben/rumdl"."platforms.linux-x64"]
checksum = "sha256:5597ecab62c6cd50e63f85451fe4e763abc58195a3e7eff9186b6dfae890ca24"
url = "https://github.com/rvben/rumdl/releases/download/v0.2.78/rumdl-v0.2.78-x86_64-unknown-linux-gnu.tar.gz"
url_api = "https://api.github.com/repos/rvben/rumdl/releases/assets/598548740"
provenance = "github-attestations"

[tools."aqua:rvben/rumdl"."platforms.linux-x64-musl"]
checksum = "sha256:507d2243ca3582094588c0610c2ee5c3bcd0a50a8564149dcce4268cdf50de82"
url = "https://github.com/rvben/rumdl/releases/download/v0.2.78/rumdl-v0.2.78-x86_64-unknown-linux-musl.tar.gz"
url_api = "https://api.github.com/repos/rvben/rumdl/releases/assets/598548743"
provenance = "github-attestations"

[tools."aqua:rvben/rumdl"."platforms.macos-arm64"]
checksum = "sha256:450f00cdbf1da3bc3fbdf56c52dc9e6b2ab08bfd1ee6a26b44848e52a180dba5"
url = "https://github.com/rvben/rumdl/releases/download/v0.2.78/rumdl-v0.2.78-aarch64-apple-darwin.tar.gz"
url_api = "https://api.github.com/repos/rvben/rumdl/releases/assets/598548745"
provenance = "github-attestations"

[tools."aqua:rvben/rumdl"."platforms.macos-x64"]
checksum = "sha256:0cb4eecf286798e770c1f9e85fbf532ee135becc248a25fab388355c998543f9"
url = "https://github.com/rvben/rumdl/releases/download/v0.2.78/rumdl-v0.2.78-x86_64-apple-darwin.tar.gz"
url_api = "https://api.github.com/repos/rvben/rumdl/releases/assets/598548751"
provenance = "github-attestations"

[tools."aqua:rvben/rumdl"."platforms.windows-x64"]
checksum = "sha256:fb8f475e68e754fdddc1c7c7d85914df984465ce6a8a9e9fe5fcc434782b5f7d"
url = "https://github.com/rvben/rumdl/releases/download/v0.2.78/rumdl-v0.2.78-x86_64-pc-windows-msvc.zip"
url_api = "https://api.github.com/repos/rvben/rumdl/releases/assets/598548749"
provenance = "github-attestations"

[[tools."github:terror/just-lsp"]]
version = "0.10.0"
backend = "github:terror/just-lsp"

[tools."github:terror/just-lsp"."platforms.linux-arm64"]
checksum = "sha256:0b48cbf1dfa2efb95348b751a1be6f4837e61ace5dd156daef2c2719f650883c"
url = "https://github.com/terror/just-lsp/releases/download/0.10.0/just-lsp-0.10.0-aarch64-unknown-linux-gnu.tar.gz"
url_api = "https://api.github.com/repos/terror/just-lsp/releases/assets/595782204"

[tools."github:terror/just-lsp"."platforms.linux-arm64-musl"]
checksum = "sha256:88d83e1bfb29f5cf41be1d4056d56311bcdcad81aec57b7737cdd98147547478"
url = "https://github.com/terror/just-lsp/releases/download/0.10.0/just-lsp-0.10.0-aarch64-unknown-linux-musl.tar.gz"
url_api = "https://api.github.com/repos/terror/just-lsp/releases/assets/595782567"

[tools."github:terror/just-lsp"."platforms.linux-x64"]
checksum = "sha256:9a801d9dd90a2ac06500903b5a8038881f07f1b0e856590d6f91191a305bc305"
url = "https://github.com/terror/just-lsp/releases/download/0.10.0/just-lsp-0.10.0-x86_64-unknown-linux-gnu.tar.gz"
url_api = "https://api.github.com/repos/terror/just-lsp/releases/assets/595781494"

[tools."github:terror/just-lsp"."platforms.linux-x64-musl"]
checksum = "sha256:3c35e10e76db6cc1931495bb3abdaef02576eaeb406c217420f4fd37e1ebe22c"
url = "https://github.com/terror/just-lsp/releases/download/0.10.0/just-lsp-0.10.0-x86_64-unknown-linux-musl.tar.gz"
url_api = "https://api.github.com/repos/terror/just-lsp/releases/assets/595781977"

[tools."github:terror/just-lsp"."platforms.macos-arm64"]
checksum = "sha256:eeca52c7da21b5b04f059a5e23b99575f77ab9b448bdb84911f6b185d386e9c4"
url = "https://github.com/terror/just-lsp/releases/download/0.10.0/just-lsp-0.10.0-aarch64-apple-darwin.tar.gz"
url_api = "https://api.github.com/repos/terror/just-lsp/releases/assets/595783983"

[tools."github:terror/just-lsp"."platforms.macos-x64"]
checksum = "sha256:b177bfb271dac7ce9e181f06e83d61edc87debbe05ae50f27f8c2fb40ac8ec95"
url = "https://github.com/terror/just-lsp/releases/download/0.10.0/just-lsp-0.10.0-x86_64-apple-darwin.tar.gz"
url_api = "https://api.github.com/repos/terror/just-lsp/releases/assets/595783817"

[tools."github:terror/just-lsp"."platforms.windows-x64"]
checksum = "sha256:4465270a43bc71e9ed917320b780a80b53ce632fac83aeafadb689ab8f056f1d"
url = "https://github.com/terror/just-lsp/releases/download/0.10.0/just-lsp-0.10.0-x86_64-pc-windows-msvc.zip"
url_api = "https://api.github.com/repos/terror/just-lsp/releases/assets/595785502"

[[tools.just]]
version = "1.58.0"
backend = "aqua:casey/just"

[tools.just."platforms.linux-arm64"]
checksum = "sha256:748237128c4c40cbdabc65e841d05ceba13cc23a91eaba395495894c1d9764df"
url = "https://github.com/casey/just/releases/download/1.58.0/just-1.58.0-aarch64-unknown-linux-musl.tar.gz"
url_api = "https://api.github.com/repos/casey/just/releases/assets/500510099"

[tools.just."platforms.linux-arm64-musl"]
checksum = "sha256:748237128c4c40cbdabc65e841d05ceba13cc23a91eaba395495894c1d9764df"
url = "https://github.com/casey/just/releases/download/1.58.0/just-1.58.0-aarch64-unknown-linux-musl.tar.gz"
url_api = "https://api.github.com/repos/casey/just/releases/assets/500510099"

[tools.just."platforms.linux-x64"]
checksum = "sha256:4a5cc2f53e6f0f8c59092a6cc38291eb729d46a7dd95d3ae582008881b84931d"
url = "https://github.com/casey/just/releases/download/1.58.0/just-1.58.0-x86_64-unknown-linux-musl.tar.gz"
url_api = "https://api.github.com/repos/casey/just/releases/assets/500509978"

[tools.just."platforms.linux-x64-musl"]
checksum = "sha256:4a5cc2f53e6f0f8c59092a6cc38291eb729d46a7dd95d3ae582008881b84931d"
url = "https://github.com/casey/just/releases/download/1.58.0/just-1.58.0-x86_64-unknown-linux-musl.tar.gz"
url_api = "https://api.github.com/repos/casey/just/releases/assets/500509978"

[tools.just."platforms.macos-arm64"]
checksum = "sha256:50ae3e996c974a0bf32ea7d10f495070df33f1b43e0616b2769e3d4821ed8f48"
url = "https://github.com/casey/just/releases/download/1.58.0/just-1.58.0-aarch64-apple-darwin.tar.gz"
url_api = "https://api.github.com/repos/casey/just/releases/assets/500509965"

[tools.just."platforms.macos-x64"]
checksum = "sha256:9a09cfef66aaa79da58203970103a0684307716caaabd3e9844cacc4dc0f4023"
url = "https://github.com/casey/just/releases/download/1.58.0/just-1.58.0-x86_64-apple-darwin.tar.gz"
url_api = "https://api.github.com/repos/casey/just/releases/assets/500510084"

[tools.just."platforms.windows-x64"]
checksum = "sha256:759f16fb7aa17c5c8b9594b6d4a8c1a6630dfd042cf2b3ff84841454d3d188dc"
url = "https://github.com/casey/just/releases/download/1.58.0/just-1.58.0-x86_64-pc-windows-msvc.zip"
url_api = "https://api.github.com/repos/casey/just/releases/assets/500511374"

[[tools.lefthook]]
version = "2.1.17"
backend = "aqua:evilmartians/lefthook"

[tools.lefthook."platforms.linux-arm64"]
checksum = "sha256:079cca03c2e719a804692fe819bd3786fcdc494af30491a9fd369a382ee6bc84"
url = "https://github.com/evilmartians/lefthook/releases/download/v2.1.17/lefthook_2.1.17_Linux_aarch64.gz"
url_api = "https://api.github.com/repos/evilmartians/lefthook/releases/assets/611880089"
provenance = "github-attestations"

[tools.lefthook."platforms.linux-arm64-musl"]
checksum = "sha256:079cca03c2e719a804692fe819bd3786fcdc494af30491a9fd369a382ee6bc84"
url = "https://github.com/evilmartians/lefthook/releases/download/v2.1.17/lefthook_2.1.17_Linux_aarch64.gz"
url_api = "https://api.github.com/repos/evilmartians/lefthook/releases/assets/611880089"
provenance = "github-attestations"

[tools.lefthook."platforms.linux-x64"]
checksum = "sha256:e3c6e271b6a77a8fac527d7cc21c1036f7605afcb6653aabe4b166913322f900"
url = "https://github.com/evilmartians/lefthook/releases/download/v2.1.17/lefthook_2.1.17_Linux_x86_64.gz"
url_api = "https://api.github.com/repos/evilmartians/lefthook/releases/assets/611880017"
provenance = "github-attestations"

[tools.lefthook."platforms.linux-x64-musl"]
checksum = "sha256:e3c6e271b6a77a8fac527d7cc21c1036f7605afcb6653aabe4b166913322f900"
url = "https://github.com/evilmartians/lefthook/releases/download/v2.1.17/lefthook_2.1.17_Linux_x86_64.gz"
url_api = "https://api.github.com/repos/evilmartians/lefthook/releases/assets/611880017"
provenance = "github-attestations"

[tools.lefthook."platforms.macos-arm64"]
checksum = "sha256:aabf434ea7049af9854eb5205520bc16fc52d3d55459c2332a3711cdd6743d34"
url = "https://github.com/evilmartians/lefthook/releases/download/v2.1.17/lefthook_2.1.17_MacOS_arm64.gz"
url_api = "https://api.github.com/repos/evilmartians/lefthook/releases/assets/611879927"
provenance = "github-attestations"

[tools.lefthook."platforms.macos-x64"]
checksum = "sha256:52999a12d78867c3d8208fbc7dad6376acc6c75b949c95edb488112e2438e8df"
url = "https://github.com/evilmartians/lefthook/releases/download/v2.1.17/lefthook_2.1.17_MacOS_x86_64.gz"
url_api = "https://api.github.com/repos/evilmartians/lefthook/releases/assets/611879984"
provenance = "github-attestations"

[tools.lefthook."platforms.windows-x64"]
checksum = "sha256:5395b911e309c653e6c8a9063ff4462ab13b930d3ec29917db3332675683e741"
url = "https://github.com/evilmartians/lefthook/releases/download/v2.1.17/lefthook_2.1.17_Windows_x86_64.gz"
url_api = "https://api.github.com/repos/evilmartians/lefthook/releases/assets/611880022"
provenance = "github-attestations"

[[tools.node]]
version = "24.21.0"
backend = "core:node"

[tools.node."platforms.linux-arm64"]
checksum = "sha256:724282c3b43aec998aa9527380465b45d229e021b58035f5f4f63095eabfe5d5"
url = "https://nodejs.org/dist/v24.21.0/node-v24.21.0-linux-arm64.tar.gz"

[tools.node."platforms.linux-arm64-musl"]
checksum = "sha256:3048b0811e158ca0d8672b59c839861763e144492980d8d29b369dfee45747e4"
url = "https://unofficial-builds.nodejs.org/download/release/v24.21.0/node-v24.21.0-linux-arm64-musl.tar.gz"

[tools.node."platforms.linux-x64"]
checksum = "sha256:6e1db87ef58b8819e5d5402eff1536491b18edd8eb7bee5ef7897876e88dc5ff"
url = "https://nodejs.org/dist/v24.21.0/node-v24.21.0-linux-x64.tar.gz"

[tools.node."platforms.linux-x64-musl"]
checksum = "sha256:01a713e34da98e7b4d2a3191ee7ca3f93dd0384d1a2ef23c379b2161ee6e133a"
url = "https://unofficial-builds.nodejs.org/download/release/v24.21.0/node-v24.21.0-linux-x64-musl.tar.gz"

[tools.node."platforms.macos-arm64"]
checksum = "sha256:bed7eea5325e1108f32ce5228ddd6a5f0f08a499ee42aa7442aea583702f6057"
url = "https://nodejs.org/dist/v24.21.0/node-v24.21.0-darwin-arm64.tar.gz"

[tools.node."platforms.macos-x64"]
checksum = "sha256:1462cb3b3046b815cf8ea436d3da450ec1a9f11dac7e5a46b0ada5305d7e8097"
url = "https://nodejs.org/dist/v24.21.0/node-v24.21.0-darwin-x64.tar.gz"

[tools.node."platforms.windows-x64"]
checksum = "sha256:158f7685b44de51f6c0df1d153526cbcd3e1bc739a8dfc607721cef75de9e541"
url = "https://nodejs.org/dist/v24.21.0/node-v24.21.0-win-x64.zip"
